
Microsoft Visual Studio Solution File, Format Version 12.00
# Visual Studio 15
VisualStudioVersion = 15.0.28307.329
MinimumVisualStudioVersion = 10.0.40219.1
Project("{FAE04EC0-301F-11D3-BF4B-00C04F79EFBC}") = "WebApplication1", "WebApplication1\WebApplication1.csproj", "{5DBE4B9A-425D-4214-9C76-510CCE942552}"
EndProject
Global
	GlobalSection(SolutionConfigurationPlatforms) = preSolution
		Debug|Any CPU = Debug|Any CPU
		Release|Any CPU = Release|Any CPU
	EndGlobalSection
	GlobalSection(ProjectConfigurationPlatforms) = postSolution
		{5DBE4B9A-425D-4214-9C76-510CCE942552}.Debug|Any CPU.ActiveCfg = Debug|Any CPU
		{5DBE4B9A-425D-4214-9C76-510CCE942552}.Debug|Any CPU.Build.0 = Debug|Any CPU
		{5DBE4B9A-425D-4214-9C76-510CCE942552}.Release|Any CPU.ActiveCfg = Release|Any CPU
		{5DBE4B9A-425D-4214-9C76-510CCE942552}.Release|Any CPU.Build.0 = Release|Any CPU
	EndGlobalSection
	GlobalSection(SolutionProperties) = preSolution
		HideSolutionNode = FALSE
	EndGlobalSection
	GlobalSection(ExtensibilityGlobals) = postSolution
		SolutionGuid = {D4ED9AB2-90B4-423D-8F83-6D3F51B83E62}
	EndGlobalSection
EndGlobal
